
Microsoft Visual Studio Solution File, Format Version 12.00
# Visual Studio Version 17
VisualStudioVersion = 17.5.33424.131
MinimumVisualStudioVersion = 10.0.40219.1
Project("{FAE04EC0-301F-11D3-BF4B-00C04F79EFBC}") = "CryptoTest", "CryptoTest\CryptoTest.csproj", "{89A1EE5E-E261-4BF2-892C-8CF80072E319}"
EndProject
Global
	GlobalSection(SolutionConfigurationPlatforms) = preSolution
		Debug|Any CPU = Debug|Any CPU
		Release|Any CPU = Release|Any CPU
	EndGlobalSection
	GlobalSection(ProjectConfigurationPlatforms) = postSolution
		{89A1EE5E-E261-4BF2-892C-8CF80072E319}.Debug|Any CPU.ActiveCfg = Debug|Any CPU
		{89A1EE5E-E261-4BF2-892C-8CF80072E319}.Debug|Any CPU.Build.0 = Debug|Any CPU
		{89A1EE5E-E261-4BF2-892C-8CF80072E319}.Release|Any CPU.ActiveCfg = Release|Any CPU
		{89A1EE5E-E261-4BF2-892C-8CF80072E319}.Release|Any CPU.Build.0 = Release|Any CPU
	EndGlobalSection
	GlobalSection(SolutionProperties) = preSolution
		HideSolutionNode = FALSE
	EndGlobalSection
	GlobalSection(ExtensibilityGlobals) = postSolution
		SolutionGuid = {F47ECF92-34C5-4E9F-B2AE-7ACB43E35BB9}
	EndGlobalSection
EndGlobal
